
Microsoft Visual Studio Solution File, Format Version 12.00
# Visual Studio Version 16
VisualStudioVersion = 16.0.30503.244
MinimumVisualStudioVersion = 10.0.40219.1
Project("{FAE04EC0-301F-11D3-BF4B-00C04F79EFBC}") = "api", "api\api.csproj", "{CC4F430B-B197-4982-B789-3AC8B8FB784E}"
EndProject
Global
	GlobalSection(SolutionConfigurationPlatforms) = preSolution
		Debug|Any CPU = Debug|Any CPU
		Release|Any CPU = Release|Any CPU
	EndGlobalSection
	GlobalSection(ProjectConfigurationPlatforms) = postSolution
		{CC4F430B-B197-4982-B789-3AC8B8FB784E}.Debug|Any CPU.ActiveCfg = Debug|Any CPU
		{CC4F430B-B197-4982-B789-3AC8B8FB784E}.Debug|Any CPU.Build.0 = Debug|Any CPU
		{CC4F430B-B197-4982-B789-3AC8B8FB784E}.Release|Any CPU.ActiveCfg = Release|Any CPU
		{CC4F430B-B197-4982-B789-3AC8B8FB784E}.Release|Any CPU.Build.0 = Release|Any CPU
	EndGlobalSection
	GlobalSection(SolutionProperties) = preSolution
		HideSolutionNode = FALSE
	EndGlobalSection
	GlobalSection(ExtensibilityGlobals) = postSolution
		SolutionGuid = {43FA5A04-5835-467E-9D96-67E8FB3F29F9}
	EndGlobalSection
EndGlobal
